
Microsoft Visual Studio Solution File, Format Version 12.00
# Visual Studio Version 16
VisualStudioVersion = 16.0.33328.57
MinimumVisualStudioVersion = 10.0.40219.1
Project("{8BC9CEB8-8B4A-11D0-8D11-00A0C91BC942}") = "Delta-Kinematics", "Delta-Kinematics\Delta-Kinematics.vcxproj", "{9C64B55E-3754-4CC6-9D16-0B9A0FC4E267}"
EndProject
Project("{E24C65DC-7377-472B-9ABA-BC803B73C61A}") = "wwwroot", "wwwroot\", "{4E3301C3-EA87-4486-A2CE-AA595B5BCCDC}"
	ProjectSection(WebsiteProperties) = preProject
		TargetFrameworkMoniker = ".NETFramework,Version%3Dv4.0"
		Debug.AspNetCompiler.VirtualPath = "/localhost_57408"
		Debug.AspNetCompiler.PhysicalPath = "wwwroot\"
		Debug.AspNetCompiler.TargetPath = "PrecompiledWeb\localhost_57408\"
		Debug.AspNetCompiler.Updateable = "true"
		Debug.AspNetCompiler.ForceOverwrite = "true"
		Debug.AspNetCompiler.FixedNames = "false"
		Debug.AspNetCompiler.Debug = "True"
		Release.AspNetCompiler.VirtualPath = "/localhost_57408"
		Release.AspNetCompiler.PhysicalPath = "wwwroot\"
		Release.AspNetCompiler.TargetPath = "PrecompiledWeb\localhost_57408\"
		Release.AspNetCompiler.Updateable = "true"
		Release.AspNetCompiler.ForceOverwrite = "true"
		Release.AspNetCompiler.FixedNames = "false"
		Release.AspNetCompiler.Debug = "False"
		VWDPort = "57408"
		SlnRelativePath = "wwwroot\"
	EndProjectSection
EndProject
Project("{2150E333-8FDC-42A3-9474-1A3956D46DE8}") = "Solution Items", "Solution Items", "{CEF915F5-39CB-47C0-A54E-308CCB538C6D}"
	ProjectSection(SolutionItems) = preProject
		README.md = README.md
	EndProjectSection
EndProject
Project("{9A19103F-16F7-4668-BE54-9A1E7A4F7556}") = "C#-Kinematics", "C#-Kinematics\C#-Kinematics.csproj", "{9D7FB642-5081-4A73-9FCF-61E614DDAF7E}"
EndProject
Global
	GlobalSection(SolutionConfigurationPlatforms) = preSolution
		Debug|Any CPU = Debug|Any CPU
		Debug|x64 = Debug|x64
		Debug|x86 = Debug|x86
		Release|Any CPU = Release|Any CPU
		Release|x64 = Release|x64
		Release|x86 = Release|x86
	EndGlobalSection
	GlobalSection(ProjectConfigurationPlatforms) = postSolution
		{9C64B55E-3754-4CC6-9D16-0B9A0FC4E267}.Debug|Any CPU.ActiveCfg = Debug|Win32
		{9C64B55E-3754-4CC6-9D16-0B9A0FC4E267}.Debug|x64.ActiveCfg = Debug|x64
		{9C64B55E-3754-4CC6-9D16-0B9A0FC4E267}.Debug|x64.Build.0 = Debug|x64
		{9C64B55E-3754-4CC6-9D16-0B9A0FC4E267}.Debug|x86.ActiveCfg = Debug|Win32
		{9C64B55E-3754-4CC6-9D16-0B9A0FC4E267}.Debug|x86.Build.0 = Debug|Win32
		{9C64B55E-3754-4CC6-9D16-0B9A0FC4E267}.Release|Any CPU.ActiveCfg = Release|Win32
		{9C64B55E-3754-4CC6-9D16-0B9A0FC4E267}.Release|x64.ActiveCfg = Release|x64
		{9C64B55E-3754-4CC6-9D16-0B9A0FC4E267}.Release|x64.Build.0 = Release|x64
		{9C64B55E-3754-4CC6-9D16-0B9A0FC4E267}.Release|x86.ActiveCfg = Release|Win32
		{9C64B55E-3754-4CC6-9D16-0B9A0FC4E267}.Release|x86.Build.0 = Release|Win32
		{4E3301C3-EA87-4486-A2CE-AA595B5BCCDC}.Debug|Any CPU.ActiveCfg = Debug|Any CPU
		{4E3301C3-EA87-4486-A2CE-AA595B5BCCDC}.Debug|Any CPU.Build.0 = Debug|Any CPU
		{4E3301C3-EA87-4486-A2CE-AA595B5BCCDC}.Debug|x64.ActiveCfg = Debug|Any CPU
		{4E3301C3-EA87-4486-A2CE-AA595B5BCCDC}.Debug|x64.Build.0 = Debug|Any CPU
		{4E3301C3-EA87-4486-A2CE-AA595B5BCCDC}.Debug|x86.ActiveCfg = Debug|Any CPU
		{4E3301C3-EA87-4486-A2CE-AA595B5BCCDC}.Debug|x86.Build.0 = Debug|Any CPU
		{4E3301C3-EA87-4486-A2CE-AA595B5BCCDC}.Release|Any CPU.ActiveCfg = Debug|Any CPU
		{4E3301C3-EA87-4486-A2CE-AA595B5BCCDC}.Release|Any CPU.Build.0 = Debug|Any CPU
		{4E3301C3-EA87-4486-A2CE-AA595B5BCCDC}.Release|x64.ActiveCfg = Debug|Any CPU
		{4E3301C3-EA87-4486-A2CE-AA595B5BCCDC}.Release|x64.Build.0 = Debug|Any CPU
		{4E3301C3-EA87-4486-A2CE-AA595B5BCCDC}.Release|x86.ActiveCfg = Debug|Any CPU
		{4E3301C3-EA87-4486-A2CE-AA595B5BCCDC}.Release|x86.Build.0 = Debug|Any CPU
		{9D7FB642-5081-4A73-9FCF-61E614DDAF7E}.Debug|Any CPU.ActiveCfg = Debug|Any CPU
		{9D7FB642-5081-4A73-9FCF-61E614DDAF7E}.Debug|Any CPU.Build.0 = Debug|Any CPU
		{9D7FB642-5081-4A73-9FCF-61E614DDAF7E}.Debug|x64.ActiveCfg = Debug|Any CPU
		{9D7FB642-5081-4A73-9FCF-61E614DDAF7E}.Debug|x64.Build.0 = Debug|Any CPU
		{9D7FB642-5081-4A73-9FCF-61E614DDAF7E}.Debug|x86.ActiveCfg = Debug|Any CPU
		{9D7FB642-5081-4A73-9FCF-61E614DDAF7E}.Debug|x86.Build.0 = Debug|Any CPU
		{9D7FB642-5081-4A73-9FCF-61E614DDAF7E}.Release|Any CPU.ActiveCfg = Release|Any CPU
		{9D7FB642-5081-4A73-9FCF-61E614DDAF7E}.Release|Any CPU.Build.0 = Release|Any CPU
		{9D7FB642-5081-4A73-9FCF-61E614DDAF7E}.Release|x64.ActiveCfg = Release|Any CPU
		{9D7FB642-5081-4A73-9FCF-61E614DDAF7E}.Release|x64.Build.0 = Release|Any CPU
		{9D7FB642-5081-4A73-9FCF-61E614DDAF7E}.Release|x86.ActiveCfg = Release|Any CPU
		{9D7FB642-5081-4A73-9FCF-61E614DDAF7E}.Release|x86.Build.0 = Release|Any CPU
	EndGlobalSection
	GlobalSection(SolutionProperties) = preSolution
		HideSolutionNode = FALSE
	EndGlobalSection
	GlobalSection(ExtensibilityGlobals) = postSolution
		SolutionGuid = {5853BEA1-3F31-46E4-9BBB-FE6CA0E1415B}
	EndGlobalSection
EndGlobal
